
Microsoft Visual Studio Solution File, Format Version 12.00
# Visual Studio 15
VisualStudioVersion = 15.0.27130.2026
MinimumVisualStudioVersion = 10.0.40219.1
Project("{9A19103F-16F7-4668-BE54-9A1E7A4F7556}") = "GroupDocs.Storage.Cloud.Sdk.core", "GroupDocs.Storage.Cloud.Sdk\GroupDocs.Storage.Cloud.Sdk.core.csproj", "{B77F87BD-1799-4130-A513-29D3CBE9D04D}"
EndProject
Project("{9A19103F-16F7-4668-BE54-9A1E7A4F7556}") = "GroupDocs.Storage.Cloud.Sdk.Tests.core", "GroupDocs.Storage.Cloud.Sdk.Tests\GroupDocs.Storage.Cloud.Sdk.Tests.core.csproj", "{5FC9D1AB-7A99-4963-BC65-6D3B46979534}"
EndProject
Global
	GlobalSection(SolutionConfigurationPlatforms) = preSolution
		Debug|Any CPU = Debug|Any CPU
		Release|Any CPU = Release|Any CPU
	EndGlobalSection
	GlobalSection(ProjectConfigurationPlatforms) = postSolution
		{B77F87BD-1799-4130-A513-29D3CBE9D04D}.Debug|Any CPU.ActiveCfg = Debug|Any CPU
		{B77F87BD-1799-4130-A513-29D3CBE9D04D}.Debug|Any CPU.Build.0 = Debug|Any CPU
		{B77F87BD-1799-4130-A513-29D3CBE9D04D}.Release|Any CPU.ActiveCfg = Release|Any CPU
		{B77F87BD-1799-4130-A513-29D3CBE9D04D}.Release|Any CPU.Build.0 = Release|Any CPU
		{5FC9D1AB-7A99-4963-BC65-6D3B46979534}.Debug|Any CPU.ActiveCfg = Debug|Any CPU
		{5FC9D1AB-7A99-4963-BC65-6D3B46979534}.Debug|Any CPU.Build.0 = Debug|Any CPU
		{5FC9D1AB-7A99-4963-BC65-6D3B46979534}.Release|Any CPU.ActiveCfg = Release|Any CPU
		{5FC9D1AB-7A99-4963-BC65-6D3B46979534}.Release|Any CPU.Build.0 = Release|Any CPU
	EndGlobalSection
	GlobalSection(SolutionProperties) = preSolution
		HideSolutionNode = FALSE
	EndGlobalSection
	GlobalSection(ExtensibilityGlobals) = postSolution
		SolutionGuid = {815F8B78-D374-45EF-B63A-1A94ACCF028C}
	EndGlobalSection
EndGlobal
